// !$*UTF8*$!
{
	archiveVersion = 1;
	classes = {
	};
	objectVersion = 48;
	objects = {

/* Begin PBXBuildFile section */
		1EBA5ACD1FD99CFE0060CBAD /* AppDelegate.swift in Sources */ = {isa = PBXBuildFile; fileRef = 1EBA5ACC1FD99CFE0060CBAD /* AppDelegate.swift */; };
		1EBA5ACF1FD99CFE0060CBAD /* ViewController.swift in Sources */ = {isa = PBXBuildFile; fileRef = 1EBA5ACE1FD99CFE0060CBAD /* ViewController.swift */; };
		1EBA5AD21FD99CFE0060CBAD /* Main.storyboard in Resources */ = {isa = PBXBuildFile; fileRef = 1EBA5AD01FD99CFE0060CBAD /* Main.storyboard */; };
		1EBA5AD41FD99CFE0060CBAD /* Assets.xcassets in Resources */ = {isa = PBXBuildFile; fileRef = 1EBA5AD31FD99CFE0060CBAD /* Assets.xcassets */; };
		1EBA5AD71FD99CFE0060CBAD /* LaunchScreen.storyboard in Resources */ = {isa = PBXBuildFile; fileRef = 1EBA5AD51FD99CFE0060CBAD /* LaunchScreen.storyboard */; };
		1EBA5AE41FD9A1020060CBAD /* RxCocoa.framework in Frameworks */ = {isa = PBXBuildFile; fileRef = 1EBA5AE21FD9A1020060CBAD /* RxCocoa.framework */; };
		1EBA5AE51FD9A1020060CBAD /* RxSwift.framework in Frameworks */ = {isa = PBXBuildFile; fileRef = 1EBA5AE31FD9A1020060CBAD /* RxSwift.framework */; };
		1EBA5AE71FD9A12E0060CBAD /* AVFoundation.framework in Frameworks */ = {isa = PBXBuildFile; fileRef = 1EBA5AE61FD9A12E0060CBAD /* AVFoundation.framework */; };
		1EBA5AE91FD9A13A0060CBAD /* PlayerView.swift in Sources */ = {isa = PBXBuildFile; fileRef = 1EBA5AE81FD9A13A0060CBAD /* PlayerView.swift */; };
		1EBA5AED1FD9A1C60060CBAD /* AVPlayerItem+Rx.swift in Sources */ = {isa = PBXBuildFile; fileRef = 1EBA5AEC1FD9A1C60060CBAD /* AVPlayerItem+Rx.swift */; };
		1EBA5AEF1FD9A2BA0060CBAD /* AVPlayer+Rx.swift in Sources */ = {isa = PBXBuildFile; fileRef = 1EBA5AEE1FD9A2BA0060CBAD /* AVPlayer+Rx.swift */; };
		1EBA5AF21FD9AB300060CBAD /* Video.swift in Sources */ = {isa = PBXBuildFile; fileRef = 1EBA5AF11FD9AB300060CBAD /* Video.swift */; };
		44564BF01FDA78140068BEED /* PlayerNavigationView.xib in Resources */ = {isa = PBXBuildFile; fileRef = 44564BEF1FDA78140068BEED /* PlayerNavigationView.xib */; };
		44564BF21FDA78260068BEED /* PlayerNavigationView.swift in Sources */ = {isa = PBXBuildFile; fileRef = 44564BF11FDA78260068BEED /* PlayerNavigationView.swift */; };
		44564BF41FDA7F850068BEED /* PlayerSeekView.swift in Sources */ = {isa = PBXBuildFile; fileRef = 44564BF31FDA7F850068BEED /* PlayerSeekView.swift */; };
		44564BF71FDA85F00068BEED /* StringFormatable.swift in Sources */ = {isa = PBXBuildFile; fileRef = 44564BF61FDA85F00068BEED /* StringFormatable.swift */; };
		44C6AF9C1FDE3BB3006BD2E2 /* InstreamAd.swift in Sources */ = {isa = PBXBuildFile; fileRef = 44C6AF9B1FDE3BB3006BD2E2 /* InstreamAd.swift */; };
		44E6E5DA1FDA5C7700B634FC /* PlayerViewModel.swift in Sources */ = {isa = PBXBuildFile; fileRef = 44E6E5D91FDA5C7700B634FC /* PlayerViewModel.swift */; };
/* End PBXBuildFile section */

/* Begin PBXFileReference section */
		1EBA5AC91FD99CFE0060CBAD /* VideoPlayer.app */ = {isa = PBXFileReference; explicitFileType = wrapper.application; includeInIndex = 0; path = VideoPlayer.app; sourceTree = BUILT_PRODUCTS_DIR; };
		1EBA5ACC1FD99CFE0060CBAD /* AppDelegate.swift */ = {isa = PBXFileReference; lastKnownFileType = sourcecode.swift; path = AppDelegate.swift; sourceTree = "<group>"; };
		1EBA5ACE1FD99CFE0060CBAD /* ViewController.swift */ = {isa = PBXFileReference; lastKnownFileType = sourcecode.swift; path = ViewController.swift; sourceTree = "<group>"; };
		1EBA5AD11FD99CFE0060CBAD /* Base */ = {isa = PBXFileReference; lastKnownFileType = file.storyboard; name = Base; path = Base.lproj/Main.storyboard; sourceTree = "<group>"; };
		1EBA5AD31FD99CFE0060CBAD /* Assets.xcassets */ = {isa = PBXFileReference; lastKnownFileType = folder.assetcatalog; path = Assets.xcassets; sourceTree = "<group>"; };
		1EBA5AD61FD99CFE0060CBAD /* Base */ = {isa = PBXFileReference; lastKnownFileType = file.storyboard; name = Base; path = Base.lproj/LaunchScreen.storyboard; sourceTree = "<group>"; };
		1EBA5AD81FD99CFE0060CBAD /* Info.plist */ = {isa = PBXFileReference; lastKnownFileType = text.plist.xml; path = Info.plist; sourceTree = "<group>"; };
		1EBA5AE21FD9A1020060CBAD /* RxCocoa.framework */ = {isa = PBXFileReference; lastKnownFileType = wrapper.framework; name = RxCocoa.framework; path = Carthage/Build/iOS/RxCocoa.framework; sourceTree = "<group>"; };
		1EBA5AE31FD9A1020060CBAD /* RxSwift.framework */ = {isa = PBXFileReference; lastKnownFileType = wrapper.framework; name = RxSwift.framework; path = Carthage/Build/iOS/RxSwift.framework; sourceTree = "<group>"; };
		1EBA5AE61FD9A12E0060CBAD /* AVFoundation.framework */ = {isa = PBXFileReference; lastKnownFileType = wrapper.framework; name = AVFoundation.framework; path = System/Library/Frameworks/AVFoundation.framework; sourceTree = SDKROOT; };
		1EBA5AE81FD9A13A0060CBAD /* PlayerView.swift */ = {isa = PBXFileReference; lastKnownFileType = sourcecode.swift; path = PlayerView.swift; sourceTree = "<group>"; };
		1EBA5AEC1FD9A1C60060CBAD /* AVPlayerItem+Rx.swift */ = {isa = PBXFileReference; lastKnownFileType = sourcecode.swift; path = "AVPlayerItem+Rx.swift"; sourceTree = "<group>"; };
		1EBA5AEE1FD9A2BA0060CBAD /* AVPlayer+Rx.swift */ = {isa = PBXFileReference; lastKnownFileType = sourcecode.swift; path = "AVPlayer+Rx.swift"; sourceTree = "<group>"; };
		1EBA5AF11FD9AB300060CBAD /* Video.swift */ = {isa = PBXFileReference; lastKnownFileType = sourcecode.swift; path = Video.swift; sourceTree = "<group>"; };
		44564BEF1FDA78140068BEED /* PlayerNavigationView.xib */ = {isa = PBXFileReference; lastKnownFileType = file.xib; path = PlayerNavigationView.xib; sourceTree = "<group>"; };
		44564BF11FDA78260068BEED /* PlayerNavigationView.swift */ = {isa = PBXFileReference; lastKnownFileType = sourcecode.swift; path = PlayerNavigationView.swift; sourceTree = "<group>"; };
		44564BF31FDA7F850068BEED /* PlayerSeekView.swift */ = {isa = PBXFileReference; lastKnownFileType = sourcecode.swift; path = PlayerSeekView.swift; sourceTree = "<group>"; };
		44564BF61FDA85F00068BEED /* StringFormatable.swift */ = {isa = PBXFileReference; lastKnownFileType = sourcecode.swift; path = StringFormatable.swift; sourceTree = "<group>"; };
		44C6AF9B1FDE3BB3006BD2E2 /* InstreamAd.swift */ = {isa = PBXFileReference; lastKnownFileType = sourcecode.swift; path = InstreamAd.swift; sourceTree = "<group>"; };
		44E6E5D91FDA5C7700B634FC /* PlayerViewModel.swift */ = {isa = PBXFileReference; lastKnownFileType = sourcecode.swift; path = PlayerViewModel.swift; sourceTree = "<group>"; };
/* End PBXFileReference section */

/* Begin PBXFrameworksBuildPhase section */
		1EBA5AC61FD99CFE0060CBAD /* Frameworks */ = {
			isa = PBXFrameworksBuildPhase;
			buildActionMask = 2147483647;
			files = (
				1EBA5AE71FD9A12E0060CBAD /* AVFoundation.framework in Frameworks */,
				1EBA5AE41FD9A1020060CBAD /* RxCocoa.framework in Frameworks */,
				1EBA5AE51FD9A1020060CBAD /* RxSwift.framework in Frameworks */,
			);
			runOnlyForDeploymentPostprocessing = 0;
		};
/* End PBXFrameworksBuildPhase section */

/* Begin PBXGroup section */
		1EBA5AC01FD99CFE0060CBAD = {
			isa = PBXGroup;
			children = (
				1EBA5AE11FD9A1020060CBAD /* Frameworks */,
				1EBA5ACA1FD99CFE0060CBAD /* Products */,
				1EBA5ACB1FD99CFE0060CBAD /* VideoPlayer */,
			);
			sourceTree = "<group>";
		};
		1EBA5ACA1FD99CFE0060CBAD /* Products */ = {
			isa = PBXGroup;
			children = (
				1EBA5AC91FD99CFE0060CBAD /* VideoPlayer.app */,
			);
			name = Products;
			sourceTree = "<group>";
		};
		1EBA5ACB1FD99CFE0060CBAD /* VideoPlayer */ = {
			isa = PBXGroup;
			children = (
				44564BF51FDA85E90068BEED /* data */,
				1EBA5AEA1FD9A16C0060CBAD /* extension */,
				1EBA5ADE1FD99EE20060CBAD /* presentation */,
				1EBA5ACC1FD99CFE0060CBAD /* AppDelegate.swift */,
				1EBA5AD81FD99CFE0060CBAD /* Info.plist */,
			);
			path = VideoPlayer;
			sourceTree = "<group>";
		};
		1EBA5ADE1FD99EE20060CBAD /* presentation */ = {
			isa = PBXGroup;
			children = (
				1EBA5AF31FD9B1610060CBAD /* view */,
				44E6E5DC1FDA61BD00B634FC /* viewController */,
				44E6E5DB1FDA61AC00B634FC /* viewModel */,
			);
			path = presentation;
			sourceTree = "<group>";
		};
		1EBA5AE11FD9A1020060CBAD /* Frameworks */ = {
			isa = PBXGroup;
			children = (
				1EBA5AE61FD9A12E0060CBAD /* AVFoundation.framework */,
				1EBA5AE21FD9A1020060CBAD /* RxCocoa.framework */,
				1EBA5AE31FD9A1020060CBAD /* RxSwift.framework */,
			);
			name = Frameworks;
			sourceTree = "<group>";
		};
		1EBA5AEA1FD9A16C0060CBAD /* extension */ = {
			isa = PBXGroup;
			children = (
				1EBA5AEE1FD9A2BA0060CBAD /* AVPlayer+Rx.swift */,
				1EBA5AEC1FD9A1C60060CBAD /* AVPlayerItem+Rx.swift */,
			);
			path = extension;
			sourceTree = "<group>";
		};
		1EBA5AF31FD9B1610060CBAD /* view */ = {
			isa = PBXGroup;
			children = (
				1EBA5AD31FD99CFE0060CBAD /* Assets.xcassets */,
				1EBA5AD51FD99CFE0060CBAD /* LaunchScreen.storyboard */,
				1EBA5AD01FD99CFE0060CBAD /* Main.storyboard */,
				44564BF11FDA78260068BEED /* PlayerNavigationView.swift */,
				44564BEF1FDA78140068BEED /* PlayerNavigationView.xib */,
				44564BF31FDA7F850068BEED /* PlayerSeekView.swift */,
				1EBA5AE81FD9A13A0060CBAD /* PlayerView.swift */,
			);
			path = view;
			sourceTree = "<group>";
		};
		44564BF51FDA85E90068BEED /* data */ = {
			isa = PBXGroup;
			children = (
				44C6AF9B1FDE3BB3006BD2E2 /* InstreamAd.swift */,
				44564BF61FDA85F00068BEED /* StringFormatable.swift */,
				1EBA5AF11FD9AB300060CBAD /* Video.swift */,
			);
			path = data;
			sourceTree = "<group>";
		};
		44E6E5DB1FDA61AC00B634FC /* viewModel */ = {
			isa = PBXGroup;
			children = (
				44E6E5D91FDA5C7700B634FC /* PlayerViewModel.swift */,
			);
			path = viewModel;
			sourceTree = "<group>";
		};
		44E6E5DC1FDA61BD00B634FC /* viewController */ = {
			isa = PBXGroup;
			children = (
				1EBA5ACE1FD99CFE0060CBAD /* ViewController.swift */,
			);
			path = viewController;
			sourceTree = "<group>";
		};
/* End PBXGroup section */

/* Begin PBXNativeTarget section */
		1EBA5AC81FD99CFE0060CBAD /* VideoPlayer */ = {
			isa = PBXNativeTarget;
			buildConfigurationList = 1EBA5ADB1FD99CFE0060CBAD /* Build configuration list for PBXNativeTarget "VideoPlayer" */;
			buildPhases = (
				1EBA5AC51FD99CFE0060CBAD /* Sources */,
				1EBA5AC61FD99CFE0060CBAD /* Frameworks */,
				1EBA5AC71FD99CFE0060CBAD /* Resources */,
				1EBA5AF01FD9A9950060CBAD /* Carthage Run Script */,
			);
			buildRules = (
			);
			dependencies = (
			);
			name = VideoPlayer;
			productName = VideoPlayer;
			productReference = 1EBA5AC91FD99CFE0060CBAD /* VideoPlayer.app */;
			productType = "com.apple.product-type.application";
		};
/* End PBXNativeTarget section */

/* Begin PBXProject section */
		1EBA5AC11FD99CFE0060CBAD /* Project object */ = {
			isa = PBXProject;
			attributes = {
				LastSwiftUpdateCheck = 0920;
				LastUpgradeCheck = 0920;
				ORGANIZATIONNAME = to4iki;
				TargetAttributes = {
					1EBA5AC81FD99CFE0060CBAD = {
						CreatedOnToolsVersion = 9.2;
						ProvisioningStyle = Automatic;
					};
				};
			};
			buildConfigurationList = 1EBA5AC41FD99CFE0060CBAD /* Build configuration list for PBXProject "VideoPlayer" */;
			compatibilityVersion = "Xcode 8.0";
			developmentRegion = en;
			hasScannedForEncodings = 0;
			knownRegions = (
				en,
				Base,
			);
			mainGroup = 1EBA5AC01FD99CFE0060CBAD;
			productRefGroup = 1EBA5ACA1FD99CFE0060CBAD /* Products */;
			projectDirPath = "";
			projectRoot = "";
			targets = (
				1EBA5AC81FD99CFE0060CBAD /* VideoPlayer */,
			);
		};
/* End PBXProject section */

/* Begin PBXResourcesBuildPhase section */
		1EBA5AC71FD99CFE0060CBAD /* Resources */ = {
			isa = PBXResourcesBuildPhase;
			buildActionMask = 2147483647;
			files = (
				1EBA5AD71FD99CFE0060CBAD /* LaunchScreen.storyboard in Resources */,
				44564BF01FDA78140068BEED /* PlayerNavigationView.xib in Resources */,
				1EBA5AD41FD99CFE0060CBAD /* Assets.xcassets in Resources */,
				1EBA5AD21FD99CFE0060CBAD /* Main.storyboard in Resources */,
			);
			runOnlyForDeploymentPostprocessing = 0;
		};
/* End PBXResourcesBuildPhase section */

/* Begin PBXShellScriptBuildPhase section */
		1EBA5AF01FD9A9950060CBAD /* Carthage Run Script */ = {
			isa = PBXShellScriptBuildPhase;
			buildActionMask = 2147483647;
			files = (
			);
			inputPaths = (
				"$(SRCROOT)/Carthage/Build/iOS/RxSwift.framework",
				"$(SRCROOT)/Carthage/Build/iOS/RxCocoa.framework",
			);
			name = "Carthage Run Script";
			outputPaths = (
			);
			runOnlyForDeploymentPostprocessing = 0;
			shellPath = /bin/sh;
			shellScript = "/usr/local/bin/carthage copy-frameworks";
		};
/* End PBXShellScriptBuildPhase section */

/* Begin PBXSourcesBuildPhase section */
		1EBA5AC51FD99CFE0060CBAD /* Sources */ = {
			isa = PBXSourcesBuildPhase;
			buildActionMask = 2147483647;
			files = (
				44C6AF9C1FDE3BB3006BD2E2 /* InstreamAd.swift in Sources */,
				44564BF41FDA7F850068BEED /* PlayerSeekView.swift in Sources */,
				1EBA5AEF1FD9A2BA0060CBAD /* AVPlayer+Rx.swift in Sources */,
				1EBA5AE91FD9A13A0060CBAD /* PlayerView.swift in Sources */,
				1EBA5AF21FD9AB300060CBAD /* Video.swift in Sources */,
				1EBA5ACF1FD99CFE0060CBAD /* ViewController.swift in Sources */,
				1EBA5ACD1FD99CFE0060CBAD /* AppDelegate.swift in Sources */,
				44564BF21FDA78260068BEED /* PlayerNavigationView.swift in Sources */,
				44E6E5DA1FDA5C7700B634FC /* PlayerViewModel.swift in Sources */,
				1EBA5AED1FD9A1C60060CBAD /* AVPlayerItem+Rx.swift in Sources */,
				44564BF71FDA85F00068BEED /* StringFormatable.swift in Sources */,
			);
			runOnlyForDeploymentPostprocessing = 0;
		};
/* End PBXSourcesBuildPhase section */

/* Begin PBXVariantGroup section */
		1EBA5AD01FD99CFE0060CBAD /* Main.storyboard */ = {
			isa = PBXVariantGroup;
			children = (
				1EBA5AD11FD99CFE0060CBAD /* Base */,
			);
			name = Main.storyboard;
			path = .;
			sourceTree = "<group>";
		};
		1EBA5AD51FD99CFE0060CBAD /* LaunchScreen.storyboard */ = {
			isa = PBXVariantGroup;
			children = (
				1EBA5AD61FD99CFE0060CBAD /* Base */,
			);
			name = LaunchScreen.storyboard;
			path = .;
			sourceTree = "<group>";
		};
/* End PBXVariantGroup section */

/* Begin XCBuildConfiguration section */
		1EBA5AD91FD99CFE0060CBAD /* Debug */ = {
			isa = XCBuildConfiguration;
			buildSettings = {
				ALWAYS_SEARCH_USER_PATHS = NO;
				CLANG_ANALYZER_NONNULL = YES;
				CLANG_ANALYZER_NUMBER_OBJECT_CONVERSION = YES_AGGRESSIVE;
				CLANG_CXX_LANGUAGE_STANDARD = "gnu++14";
				CLANG_CXX_LIBRARY = "libc++";
				CLANG_ENABLE_MODULES = YES;
				CLANG_ENABLE_OBJC_ARC = YES;
				CLANG_WARN_BLOCK_CAPTURE_AUTORELEASING = YES;
				CLANG_WARN_BOOL_CONVERSION = YES;
				CLANG_WARN_COMMA = YES;
				CLANG_WARN_CONSTANT_CONVERSION = YES;
				CLANG_WARN_DIRECT_OBJC_ISA_USAGE = YES_ERROR;
				CLANG_WARN_DOCUMENTATION_COMMENTS = YES;
				CLANG_WARN_EMPTY_BODY = YES;
				CLANG_WARN_ENUM_CONVERSION = YES;
				CLANG_WARN_INFINITE_RECURSION = YES;
				CLANG_WARN_INT_CONVERSION = YES;
				CLANG_WARN_NON_LITERAL_NULL_CONVERSION = YES;
				CLANG_WARN_OBJC_LITERAL_CONVERSION = YES;
				CLANG_WARN_OBJC_ROOT_CLASS = YES_ERROR;
				CLANG_WARN_RANGE_LOOP_ANALYSIS = YES;
				CLANG_WARN_STRICT_PROTOTYPES = YES;
				CLANG_WARN_SUSPICIOUS_MOVE = YES;
				CLANG_WARN_UNGUARDED_AVAILABILITY = YES_AGGRESSIVE;
				CLANG_WARN_UNREACHABLE_CODE = YES;
				CLANG_WARN__DUPLICATE_METHOD_MATCH = YES;
				CODE_SIGN_IDENTITY = "iPhone Developer";
				COPY_PHASE_STRIP = NO;
				DEBUG_INFORMATION_FORMAT = dwarf;
				ENABLE_STRICT_OBJC_MSGSEND = YES;
				ENABLE_TESTABILITY = YES;
				GCC_C_LANGUAGE_STANDARD = gnu11;
				GCC_DYNAMIC_NO_PIC = NO;
				GCC_NO_COMMON_BLOCKS = YES;
				GCC_OPTIMIZATION_LEVEL = 0;
				GCC_PREPROCESSOR_DEFINITIONS = (
					"DEBUG=1",
					"$(inherited)",
				);
				GCC_WARN_64_TO_32_BIT_CONVERSION = YES;
				GCC_WARN_ABOUT_RETURN_TYPE = YES_ERROR;
				GCC_WARN_UNDECLARED_SELECTOR = YES;
				GCC_WARN_UNINITIALIZED_AUTOS = YES_AGGRESSIVE;
				GCC_WARN_UNUSED_FUNCTION = YES;
				GCC_WARN_UNUSED_VARIABLE = YES;
				IPHONEOS_DEPLOYMENT_TARGET = 11.2;
				MTL_ENABLE_DEBUG_INFO = YES;
				ONLY_ACTIVE_ARCH = YES;
				SDKROOT = iphoneos;
				SWIFT_ACTIVE_COMPILATION_CONDITIONS = DEBUG;
				SWIFT_OPTIMIZATION_LEVEL = "-Onone";
			};
			name = Debug;
		};
		1EBA5ADA1FD99CFE0060CBAD /* Release */ = {
			isa = XCBuildConfiguration;
			buildSettings = {
				ALWAYS_SEARCH_USER_PATHS = NO;
				CLANG_ANALYZER_NONNULL = YES;
				CLANG_ANALYZER_NUMBER_OBJECT_CONVERSION = YES_AGGRESSIVE;
				CLANG_CXX_LANGUAGE_STANDARD = "gnu++14";
				CLANG_CXX_LIBRARY = "libc++";
				CLANG_ENABLE_MODULES = YES;
				CLANG_ENABLE_OBJC_ARC = YES;
				CLANG_WARN_BLOCK_CAPTURE_AUTORELEASING = YES;
				CLANG_WARN_BOOL_CONVERSION = YES;
				CLANG_WARN_COMMA = YES;
				CLANG_WARN_CONSTANT_CONVERSION = YES;
				CLANG_WARN_DIRECT_OBJC_ISA_USAGE = YES_ERROR;
				CLANG_WARN_DOCUMENTATION_COMMENTS = YES;
				CLANG_WARN_EMPTY_BODY = YES;
				CLANG_WARN_ENUM_CONVERSION = YES;
				CLANG_WARN_INFINITE_RECURSION = YES;
				CLANG_WARN_INT_CONVERSION = YES;
				CLANG_WARN_NON_LITERAL_NULL_CONVERSION = YES;
				CLANG_WARN_OBJC_LITERAL_CONVERSION = YES;
				CLANG_WARN_OBJC_ROOT_CLASS = YES_ERROR;
				CLANG_WARN_RANGE_LOOP_ANALYSIS = YES;
				CLANG_WARN_STRICT_PROTOTYPES = YES;
				CLANG_WARN_SUSPICIOUS_MOVE = YES;
				CLANG_WARN_UNGUARDED_AVAILABILITY = YES_AGGRESSIVE;
				CLANG_WARN_UNREACHABLE_CODE = YES;
				CLANG_WARN__DUPLICATE_METHOD_MATCH = YES;
				CODE_SIGN_IDENTITY = "iPhone Developer";
				COPY_PHASE_STRIP = NO;
				DEBUG_INFORMATION_FORMAT = "dwarf-with-dsym";
				ENABLE_NS_ASSERTIONS = NO;
				ENABLE_STRICT_OBJC_MSGSEND = YES;
				GCC_C_LANGUAGE_STANDARD = gnu11;
				GCC_NO_COMMON_BLOCKS = YES;
				GCC_WARN_64_TO_32_BIT_CONVERSION = YES;
				GCC_WARN_ABOUT_RETURN_TYPE = YES_ERROR;
				GCC_WARN_UNDECLARED_SELECTOR = YES;
				GCC_WARN_UNINITIALIZED_AUTOS = YES_AGGRESSIVE;
				GCC_WARN_UNUSED_FUNCTION = YES;
				GCC_WARN_UNUSED_VARIABLE = YES;
				IPHONEOS_DEPLOYMENT_TARGET = 11.2;
				MTL_ENABLE_DEBUG_INFO = NO;
				SDKROOT = iphoneos;
				SWIFT_OPTIMIZATION_LEVEL = "-Owholemodule";
				VALIDATE_PRODUCT = YES;
			};
			name = Release;
		};
		1EBA5ADC1FD99CFE0060CBAD /* Debug */ = {
			isa = XCBuildConfiguration;
			buildSettings = {
				ASSETCATALOG_COMPILER_APPICON_NAME = AppIcon;
				CODE_SIGN_STYLE = Automatic;
				FRAMEWORK_SEARCH_PATHS = (
					"$(inherited)",
					"$(PROJECT_DIR)/Carthage/Build/iOS",
				);
				INFOPLIST_FILE = VideoPlayer/Info.plist;
				LD_RUNPATH_SEARCH_PATHS = "$(inherited) @executable_path/Frameworks";
				PRODUCT_BUNDLE_IDENTIFIER = com.to4iki.VideoPlayer;
				PRODUCT_NAME = "$(TARGET_NAME)";
				SWIFT_VERSION = 4.0;
				TARGETED_DEVICE_FAMILY = "1,2";
			};
			name = Debug;
		};
		1EBA5ADD1FD99CFE0060CBAD /* Release */ = {
			isa = XCBuildConfiguration;
			buildSettings = {
				ASSETCATALOG_COMPILER_APPICON_NAME = AppIcon;
				CODE_SIGN_STYLE = Automatic;
				FRAMEWORK_SEARCH_PATHS = (
					"$(inherited)",
					"$(PROJECT_DIR)/Carthage/Build/iOS",
				);
				INFOPLIST_FILE = VideoPlayer/Info.plist;
				LD_RUNPATH_SEARCH_PATHS = "$(inherited) @executable_path/Frameworks";
				PRODUCT_BUNDLE_IDENTIFIER = com.to4iki.VideoPlayer;
				PRODUCT_NAME = "$(TARGET_NAME)";
				SWIFT_VERSION = 4.0;
				TARGETED_DEVICE_FAMILY = "1,2";
			};
			name = Release;
		};
/* End XCBuildConfiguration section */

/* Begin XCConfigurationList section */
		1EBA5AC41FD99CFE0060CBAD /* Build configuration list for PBXProject "VideoPlayer" */ = {
			isa = XCConfigurationList;
			buildConfigurations = (
				1EBA5AD91FD99CFE0060CBAD /* Debug */,
				1EBA5ADA1FD99CFE0060CBAD /* Release */,
			);
			defaultConfigurationIsVisible = 0;
			defaultConfigurationName = Release;
		};
		1EBA5ADB1FD99CFE0060CBAD /* Build configuration list for PBXNativeTarget "VideoPlayer" */ = {
			isa = XCConfigurationList;
			buildConfigurations = (
				1EBA5ADC1FD99CFE0060CBAD /* Debug */,
				1EBA5ADD1FD99CFE0060CBAD /* Release */,
			);
			defaultConfigurationIsVisible = 0;
			defaultConfigurationName = Release;
		};
/* End XCConfigurationList section */
	};
	rootObject = 1EBA5AC11FD99CFE0060CBAD /* Project object */;
}
